// !$*UTF8*$!
{
	archiveVersion = 1;
	classes = {
	};
	objectVersion = 46;
	objects = {

/* Begin PBXBuildFile section */
		AF1667E31AF67666004B9D60 /* AppDelegate.swift in Sources */ = {isa = PBXBuildFile; fileRef = AF1667E21AF67666004B9D60 /* AppDelegate.swift */; };
		AF1667E51AF67666004B9D60 /* ViewController.swift in Sources */ = {isa = PBXBuildFile; fileRef = AF1667E41AF67666004B9D60 /* ViewController.swift */; };
		AF1667EA1AF67666004B9D60 /* Images.xcassets in Resources */ = {isa = PBXBuildFile; fileRef = AF1667E91AF67666004B9D60 /* Images.xcassets */; };
		AF1667ED1AF67666004B9D60 /* LaunchScreen.xib in Resources */ = {isa = PBXBuildFile; fileRef = AF1667EB1AF67666004B9D60 /* LaunchScreen.xib */; };
		AF1667F91AF67666004B9D60 /* DentakuTests.swift in Sources */ = {isa = PBXBuildFile; fileRef = AF1667F81AF67666004B9D60 /* DentakuTests.swift */; };
		AFBA12871B1855E9003641CB /* ff_fanfare.mp3 in Resources */ = {isa = PBXBuildFile; fileRef = AFBA12841B1855E9003641CB /* ff_fanfare.mp3 */; };
		AFBA12881B1855E9003641CB /* btnBGM.mp3 in Resources */ = {isa = PBXBuildFile; fileRef = AFBA12851B1855E9003641CB /* btnBGM.mp3 */; };
/* End PBXBuildFile section */

/* Begin PBXContainerItemProxy section */
		AF1667F31AF67666004B9D60 /* PBXContainerItemProxy */ = {
			isa = PBXContainerItemProxy;
			containerPortal = AF1667D51AF67666004B9D60 /* Project object */;
			proxyType = 1;
			remoteGlobalIDString = AF1667DC1AF67666004B9D60;
			remoteInfo = Dentaku;
		};
/* End PBXContainerItemProxy section */

/* Begin PBXFileReference section */
		AF1667DD1AF67666004B9D60 /* Dentaku.app */ = {isa = PBXFileReference; explicitFileType = wrapper.application; includeInIndex = 0; path = Dentaku.app; sourceTree = BUILT_PRODUCTS_DIR; };
		AF1667E11AF67666004B9D60 /* Info.plist */ = {isa = PBXFileReference; lastKnownFileType = text.plist.xml; path = Info.plist; sourceTree = "<group>"; };
		AF1667E21AF67666004B9D60 /* AppDelegate.swift */ = {isa = PBXFileReference; lastKnownFileType = sourcecode.swift; path = AppDelegate.swift; sourceTree = "<group>"; };
		AF1667E41AF67666004B9D60 /* ViewController.swift */ = {isa = PBXFileReference; lastKnownFileType = sourcecode.swift; path = ViewController.swift; sourceTree = "<group>"; };
		AF1667E91AF67666004B9D60 /* Images.xcassets */ = {isa = PBXFileReference; lastKnownFileType = folder.assetcatalog; path = Images.xcassets; sourceTree = "<group>"; };
		AF1667EC1AF67666004B9D60 /* Base */ = {isa = PBXFileReference; lastKnownFileType = file.xib; name = Base; path = Base.lproj/LaunchScreen.xib; sourceTree = "<group>"; };
		AF1667F21AF67666004B9D60 /* DentakuTests.xctest */ = {isa = PBXFileReference; explicitFileType = wrapper.cfbundle; includeInIndex = 0; path = DentakuTests.xctest; sourceTree = BUILT_PRODUCTS_DIR; };
		AF1667F71AF67666004B9D60 /* Info.plist */ = {isa = PBXFileReference; lastKnownFileType = text.plist.xml; path = Info.plist; sourceTree = "<group>"; };
		AF1667F81AF67666004B9D60 /* DentakuTests.swift */ = {isa = PBXFileReference; lastKnownFileType = sourcecode.swift; path = DentakuTests.swift; sourceTree = "<group>"; };
		AF4074D51B1C6BCC003591B9 /* Dentaku copy-Info.plist */ = {isa = PBXFileReference; lastKnownFileType = text.plist.xml; name = "Dentaku copy-Info.plist"; path = "/Users/syon/Documents/App/Dentaku/Dentaku copy-Info.plist"; sourceTree = "<absolute>"; };
		AFBA12841B1855E9003641CB /* ff_fanfare.mp3 */ = {isa = PBXFileReference; lastKnownFileType = audio.mp3; path = ff_fanfare.mp3; sourceTree = "<group>"; };
		AFBA12851B1855E9003641CB /* btnBGM.mp3 */ = {isa = PBXFileReference; lastKnownFileType = audio.mp3; path = btnBGM.mp3; sourceTree = "<group>"; };
/* End PBXFileReference section */

/* Begin PBXFrameworksBuildPhase section */
		AF1667DA1AF67666004B9D60 /* Frameworks */ = {
			isa = PBXFrameworksBuildPhase;
			buildActionMask = 2147483647;
			files = (
			);
			runOnlyForDeploymentPostprocessing = 0;
		};
		AF1667EF1AF67666004B9D60 /* Frameworks */ = {
			isa = PBXFrameworksBuildPhase;
			buildActionMask = 2147483647;
			files = (
			);
			runOnlyForDeploymentPostprocessing = 0;
		};
/* End PBXFrameworksBuildPhase section */

/* Begin PBXGroup section */
		AF1667D41AF67666004B9D60 = {
			isa = PBXGroup;
			children = (
				AF1667DF1AF67666004B9D60 /* Dentaku */,
				AF1667F51AF67666004B9D60 /* DentakuTests */,
				AF1667DE1AF67666004B9D60 /* Products */,
				AF4074D51B1C6BCC003591B9 /* Dentaku copy-Info.plist */,
			);
			sourceTree = "<group>";
		};
		AF1667DE1AF67666004B9D60 /* Products */ = {
			isa = PBXGroup;
			children = (
				AF1667DD1AF67666004B9D60 /* Dentaku.app */,
				AF1667F21AF67666004B9D60 /* DentakuTests.xctest */,
			);
			name = Products;
			sourceTree = "<group>";
		};
		AF1667DF1AF67666004B9D60 /* Dentaku */ = {
			isa = PBXGroup;
			children = (
				AF1667E21AF67666004B9D60 /* AppDelegate.swift */,
				AF1667E41AF67666004B9D60 /* ViewController.swift */,
				AF1667E91AF67666004B9D60 /* Images.xcassets */,
				AF1667EB1AF67666004B9D60 /* LaunchScreen.xib */,
				AFBA12841B1855E9003641CB /* ff_fanfare.mp3 */,
				AFBA12851B1855E9003641CB /* btnBGM.mp3 */,
				AF1667E01AF67666004B9D60 /* Supporting Files */,
			);
			path = Dentaku;
			sourceTree = "<group>";
		};
		AF1667E01AF67666004B9D60 /* Supporting Files */ = {
			isa = PBXGroup;
			children = (
				AF1667E11AF67666004B9D60 /* Info.plist */,
			);
			name = "Supporting Files";
			sourceTree = "<group>";
		};
		AF1667F51AF67666004B9D60 /* DentakuTests */ = {
			isa = PBXGroup;
			children = (
				AF1667F81AF67666004B9D60 /* DentakuTests.swift */,
				AF1667F61AF67666004B9D60 /* Supporting Files */,
			);
			path = DentakuTests;
			sourceTree = "<group>";
		};
		AF1667F61AF67666004B9D60 /* Supporting Files */ = {
			isa = PBXGroup;
			children = (
				AF1667F71AF67666004B9D60 /* Info.plist */,
			);
			name = "Supporting Files";
			sourceTree = "<group>";
		};
/* End PBXGroup section */

/* Begin PBXNativeTarget section */
		AF1667DC1AF67666004B9D60 /* Dentaku */ = {
			isa = PBXNativeTarget;
			buildConfigurationList = AF1667FC1AF67666004B9D60 /* Build configuration list for PBXNativeTarget "Dentaku" */;
			buildPhases = (
				AF1667D91AF67666004B9D60 /* Sources */,
				AF1667DA1AF67666004B9D60 /* Frameworks */,
				AF1667DB1AF67666004B9D60 /* Resources */,
			);
			buildRules = (
			);
			dependencies = (
			);
			name = Dentaku;
			productName = Dentaku;
			productReference = AF1667DD1AF67666004B9D60 /* Dentaku.app */;
			productType = "com.apple.product-type.application";
		};
		AF1667F11AF67666004B9D60 /* DentakuTests */ = {
			isa = PBXNativeTarget;
			buildConfigurationList = AF1667FF1AF67666004B9D60 /* Build configuration list for PBXNativeTarget "DentakuTests" */;
			buildPhases = (
				AF1667EE1AF67666004B9D60 /* Sources */,
				AF1667EF1AF67666004B9D60 /* Frameworks */,
				AF1667F01AF67666004B9D60 /* Resources */,
			);
			buildRules = (
			);
			dependencies = (
				AF1667F41AF67666004B9D60 /* PBXTargetDependency */,
			);
			name = DentakuTests;
			productName = DentakuTests;
			productReference = AF1667F21AF67666004B9D60 /* DentakuTests.xctest */;
			productType = "com.apple.product-type.bundle.unit-test";
		};
/* End PBXNativeTarget section */

/* Begin PBXProject section */
		AF1667D51AF67666004B9D60 /* Project object */ = {
			isa = PBXProject;
			attributes = {
				LastUpgradeCheck = 0630;
				ORGANIZATIONNAME = mycompany;
				TargetAttributes = {
					AF1667DC1AF67666004B9D60 = {
						CreatedOnToolsVersion = 6.3.1;
					};
					AF1667F11AF67666004B9D60 = {
						CreatedOnToolsVersion = 6.3.1;
						TestTargetID = AF1667DC1AF67666004B9D60;
					};
				};
			};
			buildConfigurationList = AF1667D81AF67666004B9D60 /* Build configuration list for PBXProject "Dentaku" */;
			compatibilityVersion = "Xcode 3.2";
			developmentRegion = English;
			hasScannedForEncodings = 0;
			knownRegions = (
				en,
				Base,
			);
			mainGroup = AF1667D41AF67666004B9D60;
			productRefGroup = AF1667DE1AF67666004B9D60 /* Products */;
			projectDirPath = "";
			projectRoot = "";
			targets = (
				AF1667DC1AF67666004B9D60 /* Dentaku */,
				AF1667F11AF67666004B9D60 /* DentakuTests */,
			);
		};
/* End PBXProject section */

/* Begin PBXResourcesBuildPhase section */
		AF1667DB1AF67666004B9D60 /* Resources */ = {
			isa = PBXResourcesBuildPhase;
			buildActionMask = 2147483647;
			files = (
				AF1667ED1AF67666004B9D60 /* LaunchScreen.xib in Resources */,
				AFBA12871B1855E9003641CB /* ff_fanfare.mp3 in Resources */,
				AFBA12881B1855E9003641CB /* btnBGM.mp3 in Resources */,
				AF1667EA1AF67666004B9D60 /* Images.xcassets in Resources */,
			);
			runOnlyForDeploymentPostprocessing = 0;
		};
		AF1667F01AF67666004B9D60 /* Resources */ = {
			isa = PBXResourcesBuildPhase;
			buildActionMask = 2147483647;
			files = (
			);
			runOnlyForDeploymentPostprocessing = 0;
		};
/* End PBXResourcesBuildPhase section */

/* Begin PBXSourcesBuildPhase section */
		AF1667D91AF67666004B9D60 /* Sources */ = {
			isa = PBXSourcesBuildPhase;
			buildActionMask = 2147483647;
			files = (
				AF1667E51AF67666004B9D60 /* ViewController.swift in Sources */,
				AF1667E31AF67666004B9D60 /* AppDelegate.swift in Sources */,
			);
			runOnlyForDeploymentPostprocessing = 0;
		};
		AF1667EE1AF67666004B9D60 /* Sources */ = {
			isa = PBXSourcesBuildPhase;
			buildActionMask = 2147483647;
			files = (
				AF1667F91AF67666004B9D60 /* DentakuTests.swift in Sources */,
			);
			runOnlyForDeploymentPostprocessing = 0;
		};
/* End PBXSourcesBuildPhase section */

/* Begin PBXTargetDependency section */
		AF1667F41AF67666004B9D60 /* PBXTargetDependency */ = {
			isa = PBXTargetDependency;
			target = AF1667DC1AF67666004B9D60 /* Dentaku */;
			targetProxy = AF1667F31AF67666004B9D60 /* PBXContainerItemProxy */;
		};
/* End PBXTargetDependency section */

/* Begin PBXVariantGroup section */
		AF1667EB1AF67666004B9D60 /* LaunchScreen.xib */ = {
			isa = PBXVariantGroup;
			children = (
				AF1667EC1AF67666004B9D60 /* Base */,
			);
			name = LaunchScreen.xib;
			sourceTree = "<group>";
		};
/* End PBXVariantGroup section */

/* Begin XCBuildConfiguration section */
		AF1667FA1AF67666004B9D60 /* Debug */ = {
			isa = XCBuildConfiguration;
			buildSettings = {
				ALWAYS_SEARCH_USER_PATHS = NO;
				CLANG_CXX_LANGUAGE_STANDARD = "gnu++0x";
				CLANG_CXX_LIBRARY = "libc++";
				CLANG_ENABLE_MODULES = YES;
				CLANG_ENABLE_OBJC_ARC = YES;
				CLANG_WARN_BOOL_CONVERSION = YES;
				CLANG_WARN_CONSTANT_CONVERSION = YES;
				CLANG_WARN_DIRECT_OBJC_ISA_USAGE = YES_ERROR;
				CLANG_WARN_EMPTY_BODY = YES;
				CLANG_WARN_ENUM_CONVERSION = YES;
				CLANG_WARN_INT_CONVERSION = YES;
				CLANG_WARN_OBJC_ROOT_CLASS = YES_ERROR;
				CLANG_WARN_UNREACHABLE_CODE = YES;
				CLANG_WARN__DUPLICATE_METHOD_MATCH = YES;
				"CODE_SIGN_IDENTITY[sdk=iphoneos*]" = "iPhone Developer";
				COPY_PHASE_STRIP = NO;
				DEBUG_INFORMATION_FORMAT = "dwarf-with-dsym";
				ENABLE_STRICT_OBJC_MSGSEND = YES;
				GCC_C_LANGUAGE_STANDARD = gnu99;
				GCC_DYNAMIC_NO_PIC = NO;
				GCC_NO_COMMON_BLOCKS = YES;
				GCC_OPTIMIZATION_LEVEL = 0;
				GCC_PREPROCESSOR_DEFINITIONS = (
					"DEBUG=1",
					"$(inherited)",
				);
				GCC_SYMBOLS_PRIVATE_EXTERN = NO;
				GCC_WARN_64_TO_32_BIT_CONVERSION = YES;
				GCC_WARN_ABOUT_RETURN_TYPE = YES_ERROR;
				GCC_WARN_UNDECLARED_SELECTOR = YES;
				GCC_WARN_UNINITIALIZED_AUTOS = YES_AGGRESSIVE;
				GCC_WARN_UNUSED_FUNCTION = YES;
				GCC_WARN_UNUSED_VARIABLE = YES;
				IPHONEOS_DEPLOYMENT_TARGET = 8.3;
				MTL_ENABLE_DEBUG_INFO = YES;
				ONLY_ACTIVE_ARCH = YES;
				SDKROOT = iphoneos;
				SWIFT_OPTIMIZATION_LEVEL = "-Onone";
				TARGETED_DEVICE_FAMILY = "1,2";
			};
			name = Debug;
		};
		AF1667FB1AF67666004B9D60 /* Release */ = {
			isa = XCBuildConfiguration;
			buildSettings = {
				ALWAYS_SEARCH_USER_PATHS = NO;
				CLANG_CXX_LANGUAGE_STANDARD = "gnu++0x";
				CLANG_CXX_LIBRARY = "libc++";
				CLANG_ENABLE_MODULES = YES;
				CLANG_ENABLE_OBJC_ARC = YES;
				CLANG_WARN_BOOL_CONVERSION = YES;
				CLANG_WARN_CONSTANT_CONVERSION = YES;
				CLANG_WARN_DIRECT_OBJC_ISA_USAGE = YES_ERROR;
				CLANG_WARN_EMPTY_BODY = YES;
				CLANG_WARN_ENUM_CONVERSION = YES;
				CLANG_WARN_INT_CONVERSION = YES;
				CLANG_WARN_OBJC_ROOT_CLASS = YES_ERROR;
				CLANG_WARN_UNREACHABLE_CODE = YES;
				CLANG_WARN__DUPLICATE_METHOD_MATCH = YES;
				"CODE_SIGN_IDENTITY[sdk=iphoneos*]" = "iPhone Developer";
				COPY_PHASE_STRIP = NO;
				DEBUG_INFORMATION_FORMAT = "dwarf-with-dsym";
				ENABLE_NS_ASSERTIONS = NO;
				ENABLE_STRICT_OBJC_MSGSEND = YES;
				GCC_C_LANGUAGE_STANDARD = gnu99;
				GCC_NO_COMMON_BLOCKS = YES;
				GCC_WARN_64_TO_32_BIT_CONVERSION = YES;
				GCC_WARN_ABOUT_RETURN_TYPE = YES_ERROR;
				GCC_WARN_UNDECLARED_SELECTOR = YES;
				GCC_WARN_UNINITIALIZED_AUTOS = YES_AGGRESSIVE;
				GCC_WARN_UNUSED_FUNCTION = YES;
				GCC_WARN_UNUSED_VARIABLE = YES;
				IPHONEOS_DEPLOYMENT_TARGET = 8.3;
				MTL_ENABLE_DEBUG_INFO = NO;
				SDKROOT = iphoneos;
				TARGETED_DEVICE_FAMILY = "1,2";
				VALIDATE_PRODUCT = YES;
			};
			name = Release;
		};
		AF1667FD1AF67666004B9D60 /* Debug */ = {
			isa = XCBuildConfiguration;
			buildSettings = {
				ASSETCATALOG_COMPILER_APPICON_NAME = AppIcon;
				INFOPLIST_FILE = Dentaku/Info.plist;
				LD_RUNPATH_SEARCH_PATHS = "$(inherited) @executable_path/Frameworks";
				PRODUCT_NAME = "$(TARGET_NAME)";
				TARGETED_DEVICE_FAMILY = 1;
			};
			name = Debug;
		};
		AF1667FE1AF67666004B9D60 /* Release */ = {
			isa = XCBuildConfiguration;
			buildSettings = {
				ASSETCATALOG_COMPILER_APPICON_NAME = AppIcon;
				INFOPLIST_FILE = Dentaku/Info.plist;
				LD_RUNPATH_SEARCH_PATHS = "$(inherited) @executable_path/Frameworks";
				PRODUCT_NAME = "$(TARGET_NAME)";
				TARGETED_DEVICE_FAMILY = 1;
			};
			name = Release;
		};
		AF1668001AF67666004B9D60 /* Debug */ = {
			isa = XCBuildConfiguration;
			buildSettings = {
				BUNDLE_LOADER = "$(TEST_HOST)";
				FRAMEWORK_SEARCH_PATHS = (
					"$(SDKROOT)/Developer/Library/Frameworks",
					"$(inherited)",
				);
				GCC_PREPROCESSOR_DEFINITIONS = (
					"DEBUG=1",
					"$(inherited)",
				);
				INFOPLIST_FILE = DentakuTests/Info.plist;
				LD_RUNPATH_SEARCH_PATHS = "$(inherited) @executable_path/Frameworks @loader_path/Frameworks";
				PRODUCT_NAME = "$(TARGET_NAME)";
				TEST_HOST = "$(BUILT_PRODUCTS_DIR)/Dentaku.app/Dentaku";
			};
			name = Debug;
		};
		AF1668011AF67666004B9D60 /* Release */ = {
			isa = XCBuildConfiguration;
			buildSettings = {
				BUNDLE_LOADER = "$(TEST_HOST)";
				FRAMEWORK_SEARCH_PATHS = (
					"$(SDKROOT)/Developer/Library/Frameworks",
					"$(inherited)",
				);
				INFOPLIST_FILE = DentakuTests/Info.plist;
				LD_RUNPATH_SEARCH_PATHS = "$(inherited) @executable_path/Frameworks @loader_path/Frameworks";
				PRODUCT_NAME = "$(TARGET_NAME)";
				TEST_HOST = "$(BUILT_PRODUCTS_DIR)/Dentaku.app/Dentaku";
			};
			name = Release;
		};
/* End XCBuildConfiguration section */

/* Begin XCConfigurationList section */
		AF1667D81AF67666004B9D60 /* Build configuration list for PBXProject "Dentaku" */ = {
			isa = XCConfigurationList;
			buildConfigurations = (
				AF1667FA1AF67666004B9D60 /* Debug */,
				AF1667FB1AF67666004B9D60 /* Release */,
			);
			defaultConfigurationIsVisible = 0;
			defaultConfigurationName = Release;
		};
		AF1667FC1AF67666004B9D60 /* Build configuration list for PBXNativeTarget "Dentaku" */ = {
			isa = XCConfigurationList;
			buildConfigurations = (
				AF1667FD1AF67666004B9D60 /* Debug */,
				AF1667FE1AF67666004B9D60 /* Release */,
			);
			defaultConfigurationIsVisible = 0;
			defaultConfigurationName = Release;
		};
		AF1667FF1AF67666004B9D60 /* Build configuration list for PBXNativeTarget "DentakuTests" */ = {
			isa = XCConfigurationList;
			buildConfigurations = (
				AF1668001AF67666004B9D60 /* Debug */,
				AF1668011AF67666004B9D60 /* Release */,
			);
			defaultConfigurationIsVisible = 0;
			defaultConfigurationName = Release;
		};
/* End XCConfigurationList section */
	};
	rootObject = AF1667D51AF67666004B9D60 /* Project object */;
}
